
Microsoft Visual Studio Solution File, Format Version 12.00
# Visual Studio 14
VisualStudioVersion = 14.0.25420.1
MinimumVisualStudioVersion = 10.0.40219.1
Project("{8BC9CEB8-8B4A-11D0-8D11-00A0C91BC942}") = "ShapeMatchDll", "ShapeMatchDll\ShapeMatchDll.vcxproj", "{66635425-C721-4E29-AAA9-341B33F0AA65}"
EndProject
Project("{FAE04EC0-301F-11D3-BF4B-00C04F79EFBC}") = "TestForm", "TestForm\TestForm.csproj", "{627CB2CA-F225-4D7E-9297-98A3AF7E6CBB}"
	ProjectSection(ProjectDependencies) = postProject
		{66635425-C721-4E29-AAA9-341B33F0AA65} = {66635425-C721-4E29-AAA9-341B33F0AA65}
	EndProjectSection
EndProject
Global
	GlobalSection(SolutionConfigurationPlatforms) = preSolution
		Debug|Any CPU = Debug|Any CPU
		Debug|Mixed Platforms = Debug|Mixed Platforms
		Debug|Win32 = Debug|Win32
		Debug|x64 = Debug|x64
		Release|Any CPU = Release|Any CPU
		Release|Mixed Platforms = Release|Mixed Platforms
		Release|Win32 = Release|Win32
		Release|x64 = Release|x64
	EndGlobalSection
	GlobalSection(ProjectConfigurationPlatforms) = postSolution
		{66635425-C721-4E29-AAA9-341B33F0AA65}.Debug|Any CPU.ActiveCfg = Debug|Win32
		{66635425-C721-4E29-AAA9-341B33F0AA65}.Debug|Mixed Platforms.ActiveCfg = Debug|Win32
		{66635425-C721-4E29-AAA9-341B33F0AA65}.Debug|Mixed Platforms.Build.0 = Debug|Win32
		{66635425-C721-4E29-AAA9-341B33F0AA65}.Debug|Win32.ActiveCfg = Debug|Win32
		{66635425-C721-4E29-AAA9-341B33F0AA65}.Debug|Win32.Build.0 = Debug|Win32
		{66635425-C721-4E29-AAA9-341B33F0AA65}.Debug|x64.ActiveCfg = Debug|x64
		{66635425-C721-4E29-AAA9-341B33F0AA65}.Debug|x64.Build.0 = Debug|x64
		{66635425-C721-4E29-AAA9-341B33F0AA65}.Release|Any CPU.ActiveCfg = Release|Win32
		{66635425-C721-4E29-AAA9-341B33F0AA65}.Release|Mixed Platforms.ActiveCfg = Release|Win32
		{66635425-C721-4E29-AAA9-341B33F0AA65}.Release|Mixed Platforms.Build.0 = Release|Win32
		{66635425-C721-4E29-AAA9-341B33F0AA65}.Release|Win32.ActiveCfg = Release|Win32
		{66635425-C721-4E29-AAA9-341B33F0AA65}.Release|Win32.Build.0 = Release|Win32
		{66635425-C721-4E29-AAA9-341B33F0AA65}.Release|x64.ActiveCfg = Release|x64
		{66635425-C721-4E29-AAA9-341B33F0AA65}.Release|x64.Build.0 = Release|x64
		{627CB2CA-F225-4D7E-9297-98A3AF7E6CBB}.Debug|Any CPU.ActiveCfg = Debug|Any CPU
		{627CB2CA-F225-4D7E-9297-98A3AF7E6CBB}.Debug|Any CPU.Build.0 = Debug|Any CPU
		{627CB2CA-F225-4D7E-9297-98A3AF7E6CBB}.Debug|Mixed Platforms.ActiveCfg = Debug|Any CPU
		{627CB2CA-F225-4D7E-9297-98A3AF7E6CBB}.Debug|Mixed Platforms.Build.0 = Debug|Any CPU
		{627CB2CA-F225-4D7E-9297-98A3AF7E6CBB}.Debug|Win32.ActiveCfg = Debug|Any CPU
		{627CB2CA-F225-4D7E-9297-98A3AF7E6CBB}.Debug|x64.ActiveCfg = Debug|Any CPU
		{627CB2CA-F225-4D7E-9297-98A3AF7E6CBB}.Debug|x64.Build.0 = Debug|Any CPU
		{627CB2CA-F225-4D7E-9297-98A3AF7E6CBB}.Release|Any CPU.ActiveCfg = Release|Any CPU
		{627CB2CA-F225-4D7E-9297-98A3AF7E6CBB}.Release|Any CPU.Build.0 = Release|Any CPU
		{627CB2CA-F225-4D7E-9297-98A3AF7E6CBB}.Release|Mixed Platforms.ActiveCfg = Release|Any CPU
		{627CB2CA-F225-4D7E-9297-98A3AF7E6CBB}.Release|Mixed Platforms.Build.0 = Release|Any CPU
		{627CB2CA-F225-4D7E-9297-98A3AF7E6CBB}.Release|Win32.ActiveCfg = Release|Any CPU
		{627CB2CA-F225-4D7E-9297-98A3AF7E6CBB}.Release|x64.ActiveCfg = Release|Any CPU
		{627CB2CA-F225-4D7E-9297-98A3AF7E6CBB}.Release|x64.Build.0 = Release|Any CPU
	EndGlobalSection
	GlobalSection(SolutionProperties) = preSolution
		HideSolutionNode = FALSE
	EndGlobalSection
EndGlobal
